
Microsoft Visual Studio Solution File, Format Version 12.00
# Visual Studio Version 17
VisualStudioVersion = 17.0.31903.59
MinimumVisualStudioVersion = 10.0.40219.1
Project("{FAE04EC0-301F-11D3-BF4B-00C04F79EFBC}") = "FortressFormTools.Data", "FortressFormTools.Data\FortressFormTools.Data.csproj", "{16C3FD62-FF1C-4D39-BD08-CADCB44A8B60}"
EndProject
Project("{FAE04EC0-301F-11D3-BF4B-00C04F79EFBC}") = "FortressFormTools.Web", "FortressFormTools.Web\FortressFormTools.Web.csproj", "{BAD9511C-9BC4-4B91-B48F-E99F61DAA3F7}"
EndProject
Global
	GlobalSection(SolutionConfigurationPlatforms) = preSolution
		Debug|Any CPU = Debug|Any CPU
		Release|Any CPU = Release|Any CPU
	EndGlobalSection
	GlobalSection(SolutionProperties) = preSolution
		HideSolutionNode = FALSE
	EndGlobalSection
	GlobalSection(ProjectConfigurationPlatforms) = postSolution
		{16C3FD62-FF1C-4D39-BD08-CADCB44A8B60}.Debug|Any CPU.ActiveCfg = Debug|Any CPU
		{16C3FD62-FF1C-4D39-BD08-CADCB44A8B60}.Debug|Any CPU.Build.0 = Debug|Any CPU
		{16C3FD62-FF1C-4D39-BD08-CADCB44A8B60}.Release|Any CPU.ActiveCfg = Release|Any CPU
		{16C3FD62-FF1C-4D39-BD08-CADCB44A8B60}.Release|Any CPU.Build.0 = Release|Any CPU
		{BAD9511C-9BC4-4B91-B48F-E99F61DAA3F7}.Debug|Any CPU.ActiveCfg = Debug|Any CPU
		{BAD9511C-9BC4-4B91-B48F-E99F61DAA3F7}.Debug|Any CPU.Build.0 = Debug|Any CPU
		{BAD9511C-9BC4-4B91-B48F-E99F61DAA3F7}.Release|Any CPU.ActiveCfg = Release|Any CPU
		{BAD9511C-9BC4-4B91-B48F-E99F61DAA3F7}.Release|Any CPU.Build.0 = Release|Any CPU
	EndGlobalSection
EndGlobal
